
Microsoft Visual Studio Solution File, Format Version 12.00
# Visual Studio Version 16
VisualStudioVersion = 16.0.31005.135
MinimumVisualStudioVersion = 10.0.40219.1
Project("{FAE04EC0-301F-11D3-BF4B-00C04F79EFBC}") = "Adventure", "WindowsFormsApp1\Adventure.csproj", "{5D3F0CB4-47C1-4032-BC75-CB50C662A095}"
EndProject
Project("{FAE04EC0-301F-11D3-BF4B-00C04F79EFBC}") = "Engine", "Engine\Engine.csproj", "{99153161-F4BC-4B84-BA2C-B714C1EE9A45}"
EndProject
Global
	GlobalSection(SolutionConfigurationPlatforms) = preSolution
		Debug|Any CPU = Debug|Any CPU
		Release|Any CPU = Release|Any CPU
	EndGlobalSection
	GlobalSection(ProjectConfigurationPlatforms) = postSolution
		{5D3F0CB4-47C1-4032-BC75-CB50C662A095}.Debug|Any CPU.ActiveCfg = Debug|Any CPU
		{5D3F0CB4-47C1-4032-BC75-CB50C662A095}.Debug|Any CPU.Build.0 = Debug|Any CPU
		{5D3F0CB4-47C1-4032-BC75-CB50C662A095}.Release|Any CPU.ActiveCfg = Release|Any CPU
		{5D3F0CB4-47C1-4032-BC75-CB50C662A095}.Release|Any CPU.Build.0 = Release|Any CPU
		{99153161-F4BC-4B84-BA2C-B714C1EE9A45}.Debug|Any CPU.ActiveCfg = Debug|Any CPU
		{99153161-F4BC-4B84-BA2C-B714C1EE9A45}.Debug|Any CPU.Build.0 = Debug|Any CPU
		{99153161-F4BC-4B84-BA2C-B714C1EE9A45}.Release|Any CPU.ActiveCfg = Release|Any CPU
		{99153161-F4BC-4B84-BA2C-B714C1EE9A45}.Release|Any CPU.Build.0 = Release|Any CPU
	EndGlobalSection
	GlobalSection(SolutionProperties) = preSolution
		HideSolutionNode = FALSE
	EndGlobalSection
	GlobalSection(ExtensibilityGlobals) = postSolution
		SolutionGuid = {265FDAF1-D427-428D-82A1-023FEF631F9B}
	EndGlobalSection
EndGlobal
